
Microsoft Visual Studio Solution File, Format Version 12.00
# Visual Studio Version 16
VisualStudioVersion = 16.0.29306.81
MinimumVisualStudioVersion = 10.0.40219.1
Project("{8BC9CEB8-8B4A-11D0-8D11-00A0C91BC942}") = "Acceleted-cpp", "Acceleted-cpp.vcxproj", "{C929C0CD-98EB-4DBE-8A00-984019C4D26C}"
EndProject
Project("{8BC9CEB8-8B4A-11D0-8D11-00A0C91BC942}") = "ConsoleApplication1", "ConsoleApplication1\ConsoleApplication1.vcxproj", "{1BB3DF00-3B5A-4FA3-ADEA-7501C77C7E84}"
EndProject
Project("{8BC9CEB8-8B4A-11D0-8D11-00A0C91BC942}") = "chapter3", "chapter3\chapter3.vcxproj", "{DF7D1422-0F99-4995-BB54-6B1C5DE713CB}"
EndProject
Global
	GlobalSection(SolutionConfigurationPlatforms) = preSolution
		Debug|x64 = Debug|x64
		Debug|x86 = Debug|x86
		Release|x64 = Release|x64
		Release|x86 = Release|x86
	EndGlobalSection
	GlobalSection(ProjectConfigurationPlatforms) = postSolution
		{C929C0CD-98EB-4DBE-8A00-984019C4D26C}.Debug|x64.ActiveCfg = Debug|x64
		{C929C0CD-98EB-4DBE-8A00-984019C4D26C}.Debug|x64.Build.0 = Debug|x64
		{C929C0CD-98EB-4DBE-8A00-984019C4D26C}.Debug|x86.ActiveCfg = Debug|Win32
		{C929C0CD-98EB-4DBE-8A00-984019C4D26C}.Debug|x86.Build.0 = Debug|Win32
		{C929C0CD-98EB-4DBE-8A00-984019C4D26C}.Release|x64.ActiveCfg = Release|x64
		{C929C0CD-98EB-4DBE-8A00-984019C4D26C}.Release|x64.Build.0 = Release|x64
		{C929C0CD-98EB-4DBE-8A00-984019C4D26C}.Release|x86.ActiveCfg = Release|Win32
		{C929C0CD-98EB-4DBE-8A00-984019C4D26C}.Release|x86.Build.0 = Release|Win32
		{1BB3DF00-3B5A-4FA3-ADEA-7501C77C7E84}.Debug|x64.ActiveCfg = Debug|x64
		{1BB3DF00-3B5A-4FA3-ADEA-7501C77C7E84}.Debug|x64.Build.0 = Debug|x64
		{1BB3DF00-3B5A-4FA3-ADEA-7501C77C7E84}.Debug|x86.ActiveCfg = Debug|Win32
		{1BB3DF00-3B5A-4FA3-ADEA-7501C77C7E84}.Debug|x86.Build.0 = Debug|Win32
		{1BB3DF00-3B5A-4FA3-ADEA-7501C77C7E84}.Release|x64.ActiveCfg = Release|x64
		{1BB3DF00-3B5A-4FA3-ADEA-7501C77C7E84}.Release|x64.Build.0 = Release|x64
		{1BB3DF00-3B5A-4FA3-ADEA-7501C77C7E84}.Release|x86.ActiveCfg = Release|Win32
		{1BB3DF00-3B5A-4FA3-ADEA-7501C77C7E84}.Release|x86.Build.0 = Release|Win32
		{DF7D1422-0F99-4995-BB54-6B1C5DE713CB}.Debug|x64.ActiveCfg = Debug|x64
		{DF7D1422-0F99-4995-BB54-6B1C5DE713CB}.Debug|x64.Build.0 = Debug|x64
		{DF7D1422-0F99-4995-BB54-6B1C5DE713CB}.Debug|x86.ActiveCfg = Debug|Win32
		{DF7D1422-0F99-4995-BB54-6B1C5DE713CB}.Debug|x86.Build.0 = Debug|Win32
		{DF7D1422-0F99-4995-BB54-6B1C5DE713CB}.Release|x64.ActiveCfg = Release|x64
		{DF7D1422-0F99-4995-BB54-6B1C5DE713CB}.Release|x64.Build.0 = Release|x64
		{DF7D1422-0F99-4995-BB54-6B1C5DE713CB}.Release|x86.ActiveCfg = Release|Win32
		{DF7D1422-0F99-4995-BB54-6B1C5DE713CB}.Release|x86.Build.0 = Release|Win32
	EndGlobalSection
	GlobalSection(SolutionProperties) = preSolution
		HideSolutionNode = FALSE
	EndGlobalSection
	GlobalSection(ExtensibilityGlobals) = postSolution
		SolutionGuid = {3855C4BD-82D7-445F-A7DF-B30348FF5C7B}
	EndGlobalSection
EndGlobal
